
Microsoft Visual Studio Solution File, Format Version 12.00
# Visual Studio Version 17
VisualStudioVersion = 17.6.33815.320
MinimumVisualStudioVersion = 10.0.40219.1
Project("{9A19103F-16F7-4668-BE54-9A1E7A4F7556}") = "GlaTicket.Api", "GlaTicket\GlaTicket.Api.csproj", "{11A61A6B-7A56-4AD8-9A50-65BA2C4A78E3}"
EndProject
Project("{9A19103F-16F7-4668-BE54-9A1E7A4F7556}") = "UnitTest", "UnitTest\UnitTest.csproj", "{1D728D81-DB71-4F9D-8E33-072BDB10041E}"
EndProject
Project("{9A19103F-16F7-4668-BE54-9A1E7A4F7556}") = "GlaTicket.Core", "GlaTicketCore\GlaTicket.Core.csproj", "{C0BDB865-8E0D-4867-97D5-F0C226C14291}"
EndProject
Project("{FAE04EC0-301F-11D3-BF4B-00C04F79EFBC}") = "GlaTicket.Data", "GlaTicket.Data\GlaTicket.Data.csproj", "{CDBED4FF-65A3-4BEE-985A-35F4A475F97E}"
EndProject
Project("{FAE04EC0-301F-11D3-BF4B-00C04F79EFBC}") = "GlaTicket.Service", "GlaTicket.Service\GlaTicket.Service.csproj", "{9943F55A-071D-486A-981C-6B84A52A9EAF}"
EndProject
Global
	GlobalSection(SolutionConfigurationPlatforms) = preSolution
		Debug|Any CPU = Debug|Any CPU
		Release|Any CPU = Release|Any CPU
	EndGlobalSection
	GlobalSection(ProjectConfigurationPlatforms) = postSolution
		{11A61A6B-7A56-4AD8-9A50-65BA2C4A78E3}.Debug|Any CPU.ActiveCfg = Debug|Any CPU
		{11A61A6B-7A56-4AD8-9A50-65BA2C4A78E3}.Debug|Any CPU.Build.0 = Debug|Any CPU
		{11A61A6B-7A56-4AD8-9A50-65BA2C4A78E3}.Release|Any CPU.ActiveCfg = Release|Any CPU
		{11A61A6B-7A56-4AD8-9A50-65BA2C4A78E3}.Release|Any CPU.Build.0 = Release|Any CPU
		{1D728D81-DB71-4F9D-8E33-072BDB10041E}.Debug|Any CPU.ActiveCfg = Debug|Any CPU
		{1D728D81-DB71-4F9D-8E33-072BDB10041E}.Debug|Any CPU.Build.0 = Debug|Any CPU
		{1D728D81-DB71-4F9D-8E33-072BDB10041E}.Release|Any CPU.ActiveCfg = Release|Any CPU
		{1D728D81-DB71-4F9D-8E33-072BDB10041E}.Release|Any CPU.Build.0 = Release|Any CPU
		{C0BDB865-8E0D-4867-97D5-F0C226C14291}.Debug|Any CPU.ActiveCfg = Debug|Any CPU
		{C0BDB865-8E0D-4867-97D5-F0C226C14291}.Debug|Any CPU.Build.0 = Debug|Any CPU
		{C0BDB865-8E0D-4867-97D5-F0C226C14291}.Release|Any CPU.ActiveCfg = Release|Any CPU
		{C0BDB865-8E0D-4867-97D5-F0C226C14291}.Release|Any CPU.Build.0 = Release|Any CPU
		{CDBED4FF-65A3-4BEE-985A-35F4A475F97E}.Debug|Any CPU.ActiveCfg = Debug|Any CPU
		{CDBED4FF-65A3-4BEE-985A-35F4A475F97E}.Debug|Any CPU.Build.0 = Debug|Any CPU
		{CDBED4FF-65A3-4BEE-985A-35F4A475F97E}.Release|Any CPU.ActiveCfg = Release|Any CPU
		{CDBED4FF-65A3-4BEE-985A-35F4A475F97E}.Release|Any CPU.Build.0 = Release|Any CPU
		{9943F55A-071D-486A-981C-6B84A52A9EAF}.Debug|Any CPU.ActiveCfg = Debug|Any CPU
		{9943F55A-071D-486A-981C-6B84A52A9EAF}.Debug|Any CPU.Build.0 = Debug|Any CPU
		{9943F55A-071D-486A-981C-6B84A52A9EAF}.Release|Any CPU.ActiveCfg = Release|Any CPU
		{9943F55A-071D-486A-981C-6B84A52A9EAF}.Release|Any CPU.Build.0 = Release|Any CPU
	EndGlobalSection
	GlobalSection(SolutionProperties) = preSolution
		HideSolutionNode = FALSE
	EndGlobalSection
	GlobalSection(ExtensibilityGlobals) = postSolution
		SolutionGuid = {94C1CC0A-D256-495D-997D-B35035F9ACFF}
	EndGlobalSection
EndGlobal
